// !$*UTF8*$!
{
	archiveVersion = 1;
	classes = {
	};
	objectVersion = 46;
	objects = {

/* Begin PBXBuildFile section */
		E1EBAAFE1B20E70A00A92CC9 /* AppDelegate.m in Sources */ = {isa = PBXBuildFile; fileRef = E1EBAAFD1B20E70A00A92CC9 /* AppDelegate.m */; };
		E1EBAB001B20E70A00A92CC9 /* main.m in Sources */ = {isa = PBXBuildFile; fileRef = E1EBAAFF1B20E70A00A92CC9 /* main.m */; };
		E1EBAB031B20E70A00A92CC9 /* GameView.m in Sources */ = {isa = PBXBuildFile; fileRef = E1EBAB021B20E70A00A92CC9 /* GameView.m */; };
		E1EBAB061B20E70A00A92CC9 /* GameViewController.m in Sources */ = {isa = PBXBuildFile; fileRef = E1EBAB051B20E70A00A92CC9 /* GameViewController.m */; };
		E1EBAB081B20E70A00A92CC9 /* art.scnassets in Resources */ = {isa = PBXBuildFile; fileRef = E1EBAB071B20E70A00A92CC9 /* art.scnassets */; };
		E1EBAB0A1B20E70A00A92CC9 /* Images.xcassets in Resources */ = {isa = PBXBuildFile; fileRef = E1EBAB091B20E70A00A92CC9 /* Images.xcassets */; };
		E1EBAB0D1B20E70A00A92CC9 /* MainMenu.xib in Resources */ = {isa = PBXBuildFile; fileRef = E1EBAB0B1B20E70A00A92CC9 /* MainMenu.xib */; };
		E1EBAB191B20E70A00A92CC9 /* MacgameTests.m in Sources */ = {isa = PBXBuildFile; fileRef = E1EBAB181B20E70A00A92CC9 /* MacgameTests.m */; };
/* End PBXBuildFile section */

/* Begin PBXContainerItemProxy section */
		E1EBAB131B20E70A00A92CC9 /* PBXContainerItemProxy */ = {
			isa = PBXContainerItemProxy;
			containerPortal = E1EBAAEF1B20E70A00A92CC9 /* Project object */;
			proxyType = 1;
			remoteGlobalIDString = E1EBAAF61B20E70A00A92CC9;
			remoteInfo = Macgame;
		};
/* End PBXContainerItemProxy section */

/* Begin PBXFileReference section */
		E1EBAAF71B20E70A00A92CC9 /* Macgame.app */ = {isa = PBXFileReference; explicitFileType = wrapper.application; includeInIndex = 0; path = Macgame.app; sourceTree = BUILT_PRODUCTS_DIR; };
		E1EBAAFB1B20E70A00A92CC9 /* Info.plist */ = {isa = PBXFileReference; lastKnownFileType = text.plist.xml; path = Info.plist; sourceTree = "<group>"; };
		E1EBAAFC1B20E70A00A92CC9 /* AppDelegate.h */ = {isa = PBXFileReference; lastKnownFileType = sourcecode.c.h; path = AppDelegate.h; sourceTree = "<group>"; };
		E1EBAAFD1B20E70A00A92CC9 /* AppDelegate.m */ = {isa = PBXFileReference; lastKnownFileType = sourcecode.c.objc; path = AppDelegate.m; sourceTree = "<group>"; };
		E1EBAAFF1B20E70A00A92CC9 /* main.m */ = {isa = PBXFileReference; lastKnownFileType = sourcecode.c.objc; path = main.m; sourceTree = "<group>"; };
		E1EBAB011B20E70A00A92CC9 /* GameView.h */ = {isa = PBXFileReference; lastKnownFileType = sourcecode.c.h; path = GameView.h; sourceTree = "<group>"; };
		E1EBAB021B20E70A00A92CC9 /* GameView.m */ = {isa = PBXFileReference; lastKnownFileType = sourcecode.c.objc; path = GameView.m; sourceTree = "<group>"; };
		E1EBAB041B20E70A00A92CC9 /* GameViewController.h */ = {isa = PBXFileReference; lastKnownFileType = sourcecode.c.h; path = GameViewController.h; sourceTree = "<group>"; };
		E1EBAB051B20E70A00A92CC9 /* GameViewController.m */ = {isa = PBXFileReference; lastKnownFileType = sourcecode.c.objc; path = GameViewController.m; sourceTree = "<group>"; };
		E1EBAB071B20E70A00A92CC9 /* art.scnassets */ = {isa = PBXFileReference; lastKnownFileType = wrapper.scnassets; path = art.scnassets; sourceTree = "<group>"; };
		E1EBAB091B20E70A00A92CC9 /* Images.xcassets */ = {isa = PBXFileReference; lastKnownFileType = folder.assetcatalog; path = Images.xcassets; sourceTree = "<group>"; };
		E1EBAB0C1B20E70A00A92CC9 /* Base */ = {isa = PBXFileReference; lastKnownFileType = file.xib; name = Base; path = Base.lproj/MainMenu.xib; sourceTree = "<group>"; };
		E1EBAB121B20E70A00A92CC9 /* MacgameTests.xctest */ = {isa = PBXFileReference; explicitFileType = wrapper.cfbundle; includeInIndex = 0; path = MacgameTests.xctest; sourceTree = BUILT_PRODUCTS_DIR; };
		E1EBAB171B20E70A00A92CC9 /* Info.plist */ = {isa = PBXFileReference; lastKnownFileType = text.plist.xml; path = Info.plist; sourceTree = "<group>"; };
		E1EBAB181B20E70A00A92CC9 /* MacgameTests.m */ = {isa = PBXFileReference; lastKnownFileType = sourcecode.c.objc; path = MacgameTests.m; sourceTree = "<group>"; };
/* End PBXFileReference section */

/* Begin PBXFrameworksBuildPhase section */
		E1EBAAF41B20E70A00A92CC9 /* Frameworks */ = {
			isa = PBXFrameworksBuildPhase;
			buildActionMask = 2147483647;
			files = (
			);
			runOnlyForDeploymentPostprocessing = 0;
		};
		E1EBAB0F1B20E70A00A92CC9 /* Frameworks */ = {
			isa = PBXFrameworksBuildPhase;
			buildActionMask = 2147483647;
			files = (
			);
			runOnlyForDeploymentPostprocessing = 0;
		};
/* End PBXFrameworksBuildPhase section */

/* Begin PBXGroup section */
		E1EBAAEE1B20E70A00A92CC9 = {
			isa = PBXGroup;
			children = (
				E1EBAAF91B20E70A00A92CC9 /* Macgame */,
				E1EBAB151B20E70A00A92CC9 /* MacgameTests */,
				E1EBAAF81B20E70A00A92CC9 /* Products */,
			);
			sourceTree = "<group>";
		};
		E1EBAAF81B20E70A00A92CC9 /* Products */ = {
			isa = PBXGroup;
			children = (
				E1EBAAF71B20E70A00A92CC9 /* Macgame.app */,
				E1EBAB121B20E70A00A92CC9 /* MacgameTests.xctest */,
			);
			name = Products;
			sourceTree = "<group>";
		};
		E1EBAAF91B20E70A00A92CC9 /* Macgame */ = {
			isa = PBXGroup;
			children = (
				E1EBAAFC1B20E70A00A92CC9 /* AppDelegate.h */,
				E1EBAAFD1B20E70A00A92CC9 /* AppDelegate.m */,
				E1EBAB011B20E70A00A92CC9 /* GameView.h */,
				E1EBAB021B20E70A00A92CC9 /* GameView.m */,
				E1EBAB041B20E70A00A92CC9 /* GameViewController.h */,
				E1EBAB051B20E70A00A92CC9 /* GameViewController.m */,
				E1EBAB071B20E70A00A92CC9 /* art.scnassets */,
				E1EBAB091B20E70A00A92CC9 /* Images.xcassets */,
				E1EBAB0B1B20E70A00A92CC9 /* MainMenu.xib */,
				E1EBAAFA1B20E70A00A92CC9 /* Supporting Files */,
			);
			path = Macgame;
			sourceTree = "<group>";
		};
		E1EBAAFA1B20E70A00A92CC9 /* Supporting Files */ = {
			isa = PBXGroup;
			children = (
				E1EBAAFB1B20E70A00A92CC9 /* Info.plist */,
				E1EBAAFF1B20E70A00A92CC9 /* main.m */,
			);
			name = "Supporting Files";
			sourceTree = "<group>";
		};
		E1EBAB151B20E70A00A92CC9 /* MacgameTests */ = {
			isa = PBXGroup;
			children = (
				E1EBAB181B20E70A00A92CC9 /* MacgameTests.m */,
				E1EBAB161B20E70A00A92CC9 /* Supporting Files */,
			);
			path = MacgameTests;
			sourceTree = "<group>";
		};
		E1EBAB161B20E70A00A92CC9 /* Supporting Files */ = {
			isa = PBXGroup;
			children = (
				E1EBAB171B20E70A00A92CC9 /* Info.plist */,
			);
			name = "Supporting Files";
			sourceTree = "<group>";
		};
/* End PBXGroup section */

/* Begin PBXNativeTarget section */
		E1EBAAF61B20E70A00A92CC9 /* Macgame */ = {
			isa = PBXNativeTarget;
			buildConfigurationList = E1EBAB1C1B20E70A00A92CC9 /* Build configuration list for PBXNativeTarget "Macgame" */;
			buildPhases = (
				E1EBAAF31B20E70A00A92CC9 /* Sources */,
				E1EBAAF41B20E70A00A92CC9 /* Frameworks */,
				E1EBAAF51B20E70A00A92CC9 /* Resources */,
			);
			buildRules = (
			);
			dependencies = (
			);
			name = Macgame;
			productName = Macgame;
			productReference = E1EBAAF71B20E70A00A92CC9 /* Macgame.app */;
			productType = "com.apple.product-type.application";
		};
		E1EBAB111B20E70A00A92CC9 /* MacgameTests */ = {
			isa = PBXNativeTarget;
			buildConfigurationList = E1EBAB1F1B20E70A00A92CC9 /* Build configuration list for PBXNativeTarget "MacgameTests" */;
			buildPhases = (
				E1EBAB0E1B20E70A00A92CC9 /* Sources */,
				E1EBAB0F1B20E70A00A92CC9 /* Frameworks */,
				E1EBAB101B20E70A00A92CC9 /* Resources */,
			);
			buildRules = (
			);
			dependencies = (
				E1EBAB141B20E70A00A92CC9 /* PBXTargetDependency */,
			);
			name = MacgameTests;
			productName = MacgameTests;
			productReference = E1EBAB121B20E70A00A92CC9 /* MacgameTests.xctest */;
			productType = "com.apple.product-type.bundle.unit-test";
		};
/* End PBXNativeTarget section */

/* Begin PBXProject section */
		E1EBAAEF1B20E70A00A92CC9 /* Project object */ = {
			isa = PBXProject;
			attributes = {
				LastUpgradeCheck = 0630;
				ORGANIZATIONNAME = kayla.koger;
				TargetAttributes = {
					E1EBAAF61B20E70A00A92CC9 = {
						CreatedOnToolsVersion = 6.3.2;
					};
					E1EBAB111B20E70A00A92CC9 = {
						CreatedOnToolsVersion = 6.3.2;
						TestTargetID = E1EBAAF61B20E70A00A92CC9;
					};
				};
			};
			buildConfigurationList = E1EBAAF21B20E70A00A92CC9 /* Build configuration list for PBXProject "Macgame" */;
			compatibilityVersion = "Xcode 3.2";
			developmentRegion = English;
			hasScannedForEncodings = 0;
			knownRegions = (
				en,
				Base,
			);
			mainGroup = E1EBAAEE1B20E70A00A92CC9;
			productRefGroup = E1EBAAF81B20E70A00A92CC9 /* Products */;
			projectDirPath = "";
			projectRoot = "";
			targets = (
				E1EBAAF61B20E70A00A92CC9 /* Macgame */,
				E1EBAB111B20E70A00A92CC9 /* MacgameTests */,
			);
		};
/* End PBXProject section */

/* Begin PBXResourcesBuildPhase section */
		E1EBAAF51B20E70A00A92CC9 /* Resources */ = {
			isa = PBXResourcesBuildPhase;
			buildActionMask = 2147483647;
			files = (
				E1EBAB081B20E70A00A92CC9 /* art.scnassets in Resources */,
				E1EBAB0A1B20E70A00A92CC9 /* Images.xcassets in Resources */,
				E1EBAB0D1B20E70A00A92CC9 /* MainMenu.xib in Resources */,
			);
			runOnlyForDeploymentPostprocessing = 0;
		};
		E1EBAB101B20E70A00A92CC9 /* Resources */ = {
			isa = PBXResourcesBuildPhase;
			buildActionMask = 2147483647;
			files = (
			);
			runOnlyForDeploymentPostprocessing = 0;
		};
/* End PBXResourcesBuildPhase section */

/* Begin PBXSourcesBuildPhase section */
		E1EBAAF31B20E70A00A92CC9 /* Sources */ = {
			isa = PBXSourcesBuildPhase;
			buildActionMask = 2147483647;
			files = (
				E1EBAB061B20E70A00A92CC9 /* GameViewController.m in Sources */,
				E1EBAB031B20E70A00A92CC9 /* GameView.m in Sources */,
				E1EBAB001B20E70A00A92CC9 /* main.m in Sources */,
				E1EBAAFE1B20E70A00A92CC9 /* AppDelegate.m in Sources */,
			);
			runOnlyForDeploymentPostprocessing = 0;
		};
		E1EBAB0E1B20E70A00A92CC9 /* Sources */ = {
			isa = PBXSourcesBuildPhase;
			buildActionMask = 2147483647;
			files = (
				E1EBAB191B20E70A00A92CC9 /* MacgameTests.m in Sources */,
			);
			runOnlyForDeploymentPostprocessing = 0;
		};
/* End PBXSourcesBuildPhase section */

/* Begin PBXTargetDependency section */
		E1EBAB141B20E70A00A92CC9 /* PBXTargetDependency */ = {
			isa = PBXTargetDependency;
			target = E1EBAAF61B20E70A00A92CC9 /* Macgame */;
			targetProxy = E1EBAB131B20E70A00A92CC9 /* PBXContainerItemProxy */;
		};
/* End PBXTargetDependency section */

/* Begin PBXVariantGroup section */
		E1EBAB0B1B20E70A00A92CC9 /* MainMenu.xib */ = {
			isa = PBXVariantGroup;
			children = (
				E1EBAB0C1B20E70A00A92CC9 /* Base */,
			);
			name = MainMenu.xib;
			sourceTree = "<group>";
		};
/* End PBXVariantGroup section */

/* Begin XCBuildConfiguration section */
		E1EBAB1A1B20E70A00A92CC9 /* Debug */ = {
			isa = XCBuildConfiguration;
			buildSettings = {
				ALWAYS_SEARCH_USER_PATHS = NO;
				CLANG_CXX_LANGUAGE_STANDARD = "gnu++0x";
				CLANG_CXX_LIBRARY = "libc++";
				CLANG_ENABLE_MODULES = YES;
				CLANG_ENABLE_OBJC_ARC = YES;
				CLANG_WARN_BOOL_CONVERSION = YES;
				CLANG_WARN_CONSTANT_CONVERSION = YES;
				CLANG_WARN_DIRECT_OBJC_ISA_USAGE = YES_ERROR;
				CLANG_WARN_EMPTY_BODY = YES;
				CLANG_WARN_ENUM_CONVERSION = YES;
				CLANG_WARN_INT_CONVERSION = YES;
				CLANG_WARN_OBJC_ROOT_CLASS = YES_ERROR;
				CLANG_WARN_UNREACHABLE_CODE = YES;
				CLANG_WARN__DUPLICATE_METHOD_MATCH = YES;
				CODE_SIGN_IDENTITY = "-";
				COPY_PHASE_STRIP = NO;
				DEBUG_INFORMATION_FORMAT = dwarf;
				ENABLE_STRICT_OBJC_MSGSEND = YES;
				GCC_C_LANGUAGE_STANDARD = gnu99;
				GCC_DYNAMIC_NO_PIC = NO;
				GCC_NO_COMMON_BLOCKS = YES;
				GCC_OPTIMIZATION_LEVEL = 0;
				GCC_PREPROCESSOR_DEFINITIONS = (
					"DEBUG=1",
					"$(inherited)",
				);
				GCC_SYMBOLS_PRIVATE_EXTERN = NO;
				GCC_WARN_64_TO_32_BIT_CONVERSION = YES;
				GCC_WARN_ABOUT_RETURN_TYPE = YES_ERROR;
				GCC_WARN_UNDECLARED_SELECTOR = YES;
				GCC_WARN_UNINITIALIZED_AUTOS = YES_AGGRESSIVE;
				GCC_WARN_UNUSED_FUNCTION = YES;
				GCC_WARN_UNUSED_VARIABLE = YES;
				MACOSX_DEPLOYMENT_TARGET = 10.10;
				MTL_ENABLE_DEBUG_INFO = YES;
				ONLY_ACTIVE_ARCH = YES;
				SDKROOT = macosx;
			};
			name = Debug;
		};
		E1EBAB1B1B20E70A00A92CC9 /* Release */ = {
			isa = XCBuildConfiguration;
			buildSettings = {
				ALWAYS_SEARCH_USER_PATHS = NO;
				CLANG_CXX_LANGUAGE_STANDARD = "gnu++0x";
				CLANG_CXX_LIBRARY = "libc++";
				CLANG_ENABLE_MODULES = YES;
				CLANG_ENABLE_OBJC_ARC = YES;
				CLANG_WARN_BOOL_CONVERSION = YES;
				CLANG_WARN_CONSTANT_CONVERSION = YES;
				CLANG_WARN_DIRECT_OBJC_ISA_USAGE = YES_ERROR;
				CLANG_WARN_EMPTY_BODY = YES;
				CLANG_WARN_ENUM_CONVERSION = YES;
				CLANG_WARN_INT_CONVERSION = YES;
				CLANG_WARN_OBJC_ROOT_CLASS = YES_ERROR;
				CLANG_WARN_UNREACHABLE_CODE = YES;
				CLANG_WARN__DUPLICATE_METHOD_MATCH = YES;
				CODE_SIGN_IDENTITY = "-";
				COPY_PHASE_STRIP = NO;
				DEBUG_INFORMATION_FORMAT = "dwarf-with-dsym";
				ENABLE_NS_ASSERTIONS = NO;
				ENABLE_STRICT_OBJC_MSGSEND = YES;
				GCC_C_LANGUAGE_STANDARD = gnu99;
				GCC_NO_COMMON_BLOCKS = YES;
				GCC_WARN_64_TO_32_BIT_CONVERSION = YES;
				GCC_WARN_ABOUT_RETURN_TYPE = YES_ERROR;
				GCC_WARN_UNDECLARED_SELECTOR = YES;
				GCC_WARN_UNINITIALIZED_AUTOS = YES_AGGRESSIVE;
				GCC_WARN_UNUSED_FUNCTION = YES;
				GCC_WARN_UNUSED_VARIABLE = YES;
				MACOSX_DEPLOYMENT_TARGET = 10.10;
				MTL_ENABLE_DEBUG_INFO = NO;
				SDKROOT = macosx;
			};
			name = Release;
		};
		E1EBAB1D1B20E70A00A92CC9 /* Debug */ = {
			isa = XCBuildConfiguration;
			buildSettings = {
				ASSETCATALOG_COMPILER_APPICON_NAME = AppIcon;
				COMBINE_HIDPI_IMAGES = YES;
				INFOPLIST_FILE = Macgame/Info.plist;
				LD_RUNPATH_SEARCH_PATHS = "$(inherited) @executable_path/../Frameworks";
				PRODUCT_NAME = "$(TARGET_NAME)";
			};
			name = Debug;
		};
		E1EBAB1E1B20E70A00A92CC9 /* Release */ = {
			isa = XCBuildConfiguration;
			buildSettings = {
				ASSETCATALOG_COMPILER_APPICON_NAME = AppIcon;
				COMBINE_HIDPI_IMAGES = YES;
				INFOPLIST_FILE = Macgame/Info.plist;
				LD_RUNPATH_SEARCH_PATHS = "$(inherited) @executable_path/../Frameworks";
				PRODUCT_NAME = "$(TARGET_NAME)";
			};
			name = Release;
		};
		E1EBAB201B20E70A00A92CC9 /* Debug */ = {
			isa = XCBuildConfiguration;
			buildSettings = {
				BUNDLE_LOADER = "$(TEST_HOST)";
				COMBINE_HIDPI_IMAGES = YES;
				FRAMEWORK_SEARCH_PATHS = (
					"$(DEVELOPER_FRAMEWORKS_DIR)",
					"$(inherited)",
				);
				GCC_PREPROCESSOR_DEFINITIONS = (
					"DEBUG=1",
					"$(inherited)",
				);
				INFOPLIST_FILE = MacgameTests/Info.plist;
				LD_RUNPATH_SEARCH_PATHS = "$(inherited) @executable_path/../Frameworks @loader_path/../Frameworks";
				PRODUCT_NAME = "$(TARGET_NAME)";
				TEST_HOST = "$(BUILT_PRODUCTS_DIR)/Macgame.app/Contents/MacOS/Macgame";
			};
			name = Debug;
		};
		E1EBAB211B20E70A00A92CC9 /* Release */ = {
			isa = XCBuildConfiguration;
			buildSettings = {
				BUNDLE_LOADER = "$(TEST_HOST)";
				COMBINE_HIDPI_IMAGES = YES;
				FRAMEWORK_SEARCH_PATHS = (
					"$(DEVELOPER_FRAMEWORKS_DIR)",
					"$(inherited)",
				);
				INFOPLIST_FILE = MacgameTests/Info.plist;
				LD_RUNPATH_SEARCH_PATHS = "$(inherited) @executable_path/../Frameworks @loader_path/../Frameworks";
				PRODUCT_NAME = "$(TARGET_NAME)";
				TEST_HOST = "$(BUILT_PRODUCTS_DIR)/Macgame.app/Contents/MacOS/Macgame";
			};
			name = Release;
		};
/* End XCBuildConfiguration section */

/* Begin XCConfigurationList section */
		E1EBAAF21B20E70A00A92CC9 /* Build configuration list for PBXProject "Macgame" */ = {
			isa = XCConfigurationList;
			buildConfigurations = (
				E1EBAB1A1B20E70A00A92CC9 /* Debug */,
				E1EBAB1B1B20E70A00A92CC9 /* Release */,
			);
			defaultConfigurationIsVisible = 0;
			defaultConfigurationName = Release;
		};
		E1EBAB1C1B20E70A00A92CC9 /* Build configuration list for PBXNativeTarget "Macgame" */ = {
			isa = XCConfigurationList;
			buildConfigurations = (
				E1EBAB1D1B20E70A00A92CC9 /* Debug */,
				E1EBAB1E1B20E70A00A92CC9 /* Release */,
			);
			defaultConfigurationIsVisible = 0;
		};
		E1EBAB1F1B20E70A00A92CC9 /* Build configuration list for PBXNativeTarget "MacgameTests" */ = {
			isa = XCConfigurationList;
			buildConfigurations = (
				E1EBAB201B20E70A00A92CC9 /* Debug */,
				E1EBAB211B20E70A00A92CC9 /* Release */,
			);
			defaultConfigurationIsVisible = 0;
		};
/* End XCConfigurationList section */
	};
	rootObject = E1EBAAEF1B20E70A00A92CC9 /* Project object */;
}
